
Microsoft Visual Studio Solution File, Format Version 12.00
# Visual Studio Version 17
VisualStudioVersion = 17.4.33110.190
MinimumVisualStudioVersion = 10.0.40219.1
Project("{FAE04EC0-301F-11D3-BF4B-00C04F79EFBC}") = "TastyTrails", "TastyTrails\TastyTrails.csproj", "{71B6188F-A1BF-4C18-80BA-BAB268B1A7B9}"
EndProject
Project("{FAE04EC0-301F-11D3-BF4B-00C04F79EFBC}") = "DataAccess", "DataAccess\DataAccess.csproj", "{E7B632DB-BE0B-4A29-AEB3-DCD4F53A4B67}"
EndProject
Project("{FAE04EC0-301F-11D3-BF4B-00C04F79EFBC}") = "BusinessLogic", "BusinessLogic\BusinessLogic.csproj", "{E7A59B90-8A76-45FB-AE7B-B39728349870}"
EndProject
Project("{FAE04EC0-301F-11D3-BF4B-00C04F79EFBC}") = "Domain", "Domain\Domain.csproj", "{68D4278A-0140-4DD2-8C68-40ABDC8989A5}"
EndProject
Global
	GlobalSection(SolutionConfigurationPlatforms) = preSolution
		Debug|Any CPU = Debug|Any CPU
		Release|Any CPU = Release|Any CPU
	EndGlobalSection
	GlobalSection(ProjectConfigurationPlatforms) = postSolution
		{71B6188F-A1BF-4C18-80BA-BAB268B1A7B9}.Debug|Any CPU.ActiveCfg = Debug|Any CPU
		{71B6188F-A1BF-4C18-80BA-BAB268B1A7B9}.Debug|Any CPU.Build.0 = Debug|Any CPU
		{71B6188F-A1BF-4C18-80BA-BAB268B1A7B9}.Release|Any CPU.ActiveCfg = Release|Any CPU
		{71B6188F-A1BF-4C18-80BA-BAB268B1A7B9}.Release|Any CPU.Build.0 = Release|Any CPU
		{E7B632DB-BE0B-4A29-AEB3-DCD4F53A4B67}.Debug|Any CPU.ActiveCfg = Debug|Any CPU
		{E7B632DB-BE0B-4A29-AEB3-DCD4F53A4B67}.Debug|Any CPU.Build.0 = Debug|Any CPU
		{E7B632DB-BE0B-4A29-AEB3-DCD4F53A4B67}.Release|Any CPU.ActiveCfg = Release|Any CPU
		{E7B632DB-BE0B-4A29-AEB3-DCD4F53A4B67}.Release|Any CPU.Build.0 = Release|Any CPU
		{E7A59B90-8A76-45FB-AE7B-B39728349870}.Debug|Any CPU.ActiveCfg = Debug|Any CPU
		{E7A59B90-8A76-45FB-AE7B-B39728349870}.Debug|Any CPU.Build.0 = Debug|Any CPU
		{E7A59B90-8A76-45FB-AE7B-B39728349870}.Release|Any CPU.ActiveCfg = Release|Any CPU
		{E7A59B90-8A76-45FB-AE7B-B39728349870}.Release|Any CPU.Build.0 = Release|Any CPU
		{68D4278A-0140-4DD2-8C68-40ABDC8989A5}.Debug|Any CPU.ActiveCfg = Debug|Any CPU
		{68D4278A-0140-4DD2-8C68-40ABDC8989A5}.Debug|Any CPU.Build.0 = Debug|Any CPU
		{68D4278A-0140-4DD2-8C68-40ABDC8989A5}.Release|Any CPU.ActiveCfg = Release|Any CPU
		{68D4278A-0140-4DD2-8C68-40ABDC8989A5}.Release|Any CPU.Build.0 = Release|Any CPU
	EndGlobalSection
	GlobalSection(SolutionProperties) = preSolution
		HideSolutionNode = FALSE
	EndGlobalSection
	GlobalSection(ExtensibilityGlobals) = postSolution
		SolutionGuid = {1BAC944B-06AA-4B91-904D-3991591BA1AC}
	EndGlobalSection
EndGlobal
